
Microsoft Visual Studio Solution File, Format Version 12.00
# Visual Studio Version 17
VisualStudioVersion = 17.14.36518.9 d17.14
MinimumVisualStudioVersion = 10.0.40219.1
Project("{FAE04EC0-301F-11D3-BF4B-00C04F79EFBC}") = "egzamin 2023-01-01", "egzamin 2023-01-01\egzamin 2023-01-01.csproj", "{F3F5D695-F60E-46C4-8160-CEC0F412F724}"
EndProject
Global
	GlobalSection(SolutionConfigurationPlatforms) = preSolution
		Debug|Any CPU = Debug|Any CPU
		Release|Any CPU = Release|Any CPU
	EndGlobalSection
	GlobalSection(ProjectConfigurationPlatforms) = postSolution
		{F3F5D695-F60E-46C4-8160-CEC0F412F724}.Debug|Any CPU.ActiveCfg = Debug|Any CPU
		{F3F5D695-F60E-46C4-8160-CEC0F412F724}.Debug|Any CPU.Build.0 = Debug|Any CPU
		{F3F5D695-F60E-46C4-8160-CEC0F412F724}.Release|Any CPU.ActiveCfg = Release|Any CPU
		{F3F5D695-F60E-46C4-8160-CEC0F412F724}.Release|Any CPU.Build.0 = Release|Any CPU
	EndGlobalSection
	GlobalSection(SolutionProperties) = preSolution
		HideSolutionNode = FALSE
	EndGlobalSection
	GlobalSection(ExtensibilityGlobals) = postSolution
		SolutionGuid = {DA4944D7-C920-4D57-9480-61AA0E1D5472}
	EndGlobalSection
EndGlobal
