
Microsoft Visual Studio Solution File, Format Version 12.00
# Visual Studio Version 17
VisualStudioVersion = 17.14.36121.58 d17.14
MinimumVisualStudioVersion = 10.0.40219.1
Project("{FAE04EC0-301F-11D3-BF4B-00C04F79EFBC}") = "test", "test.csproj", "{0249AC11-6222-49D6-9DFF-3577501118B0}"
EndProject
Global
	GlobalSection(SolutionConfigurationPlatforms) = preSolution
		Debug|Any CPU = Debug|Any CPU
		Release|Any CPU = Release|Any CPU
	EndGlobalSection
	GlobalSection(ProjectConfigurationPlatforms) = postSolution
		{0249AC11-6222-49D6-9DFF-3577501118B0}.Debug|Any CPU.ActiveCfg = Debug|Any CPU
		{0249AC11-6222-49D6-9DFF-3577501118B0}.Debug|Any CPU.Build.0 = Debug|Any CPU
		{0249AC11-6222-49D6-9DFF-3577501118B0}.Release|Any CPU.ActiveCfg = Release|Any CPU
		{0249AC11-6222-49D6-9DFF-3577501118B0}.Release|Any CPU.Build.0 = Release|Any CPU
	EndGlobalSection
	GlobalSection(SolutionProperties) = preSolution
		HideSolutionNode = FALSE
	EndGlobalSection
	GlobalSection(ExtensibilityGlobals) = postSolution
		SolutionGuid = {BD6D3A62-B4C4-422D-8D30-C9D9FF899999}
	EndGlobalSection
EndGlobal
